github.com/AnatoleLucet/sig v0.0.0-20260102145013-1b702a8dc0c6 h1:skksiry26WfVwTH4eQo2KDALAXh7Z8b5kcJGf5/+CAI=
github.com/AnatoleLucet/sig v0.0.0-20260102145013-1b702a8dc0c6/go.mod h1:HmxHMh1Ty2vfh5s6mUhs8yRI8LrAv/0K5uzuOoH4QdY=
github.com/petermattis/goid v0.0.0-20251121121749-a11dd1a45f9a h1:VweslR2akb/ARhXfqSfRbj1vpWwYXf3eeAUyw/ndms0=
github.com/petermattis/goid v0.0.0-20251121121749-a11dd1a45f9a/go.mod h1:pxMtw7cyUw6B2bRH0ZBANSPg+AoSud1I1iyJHI69jH4=
